
Microsoft Visual Studio Solution File, Format Version 12.00
Project("{FAE04EC0-301F-11D3-BF4B-00C04F79EFBC}") = "Tests", "Tests\Tests.csproj", "{A9841087-F3EC-404B-B81D-9151921BCDEF}"
EndProject
Project("{FAE04EC0-301F-11D3-BF4B-00C04F79EFBC}") = "YaEcs", "YaECS\YaEcs.csproj", "{1BCD0D19-1FD0-4235-98AB-CB8E41FB7127}"
EndProject
Global
	GlobalSection(SolutionConfigurationPlatforms) = preSolution
		Debug|Any CPU = Debug|Any CPU
		Release|Any CPU = Release|Any CPU
	EndGlobalSection
	GlobalSection(ProjectConfigurationPlatforms) = postSolution
		{A9841087-F3EC-404B-B81D-9151921BCDEF}.Debug|Any CPU.ActiveCfg = Debug|Any CPU
		{A9841087-F3EC-404B-B81D-9151921BCDEF}.Debug|Any CPU.Build.0 = Debug|Any CPU
		{A9841087-F3EC-404B-B81D-9151921BCDEF}.Release|Any CPU.ActiveCfg = Release|Any CPU
		{A9841087-F3EC-404B-B81D-9151921BCDEF}.Release|Any CPU.Build.0 = Release|Any CPU
		{1BCD0D19-1FD0-4235-98AB-CB8E41FB7127}.Debug|Any CPU.ActiveCfg = Debug|Any CPU
		{1BCD0D19-1FD0-4235-98AB-CB8E41FB7127}.Debug|Any CPU.Build.0 = Debug|Any CPU
		{1BCD0D19-1FD0-4235-98AB-CB8E41FB7127}.Release|Any CPU.ActiveCfg = Release|Any CPU
		{1BCD0D19-1FD0-4235-98AB-CB8E41FB7127}.Release|Any CPU.Build.0 = Release|Any CPU
	EndGlobalSection
EndGlobal
